
Microsoft Visual Studio Solution File, Format Version 12.00
# Visual Studio Version 17
VisualStudioVersion = 17.14.36121.58 d17.14
MinimumVisualStudioVersion = 10.0.40219.1
Project("{FAE04EC0-301F-11D3-BF4B-00C04F79EFBC}") = "To_Do_List", "To_Do_List\To_Do_List.csproj", "{6488BE0A-E293-4F9D-9930-26A4B938715B}"
EndProject
Global
	GlobalSection(SolutionConfigurationPlatforms) = preSolution
		Debug|Any CPU = Debug|Any CPU
		Release|Any CPU = Release|Any CPU
	EndGlobalSection
	GlobalSection(ProjectConfigurationPlatforms) = postSolution
		{6488BE0A-E293-4F9D-9930-26A4B938715B}.Debug|Any CPU.ActiveCfg = Debug|Any CPU
		{6488BE0A-E293-4F9D-9930-26A4B938715B}.Debug|Any CPU.Build.0 = Debug|Any CPU
		{6488BE0A-E293-4F9D-9930-26A4B938715B}.Release|Any CPU.ActiveCfg = Release|Any CPU
		{6488BE0A-E293-4F9D-9930-26A4B938715B}.Release|Any CPU.Build.0 = Release|Any CPU
	EndGlobalSection
	GlobalSection(SolutionProperties) = preSolution
		HideSolutionNode = FALSE
	EndGlobalSection
	GlobalSection(ExtensibilityGlobals) = postSolution
		SolutionGuid = {5EC55C52-633A-499C-898B-2F0A764FFFD2}
	EndGlobalSection
EndGlobal
